
Microsoft Visual Studio Solution File, Format Version 12.00
# Visual Studio Version 16
VisualStudioVersion = 16.0.34931.43
MinimumVisualStudioVersion = 10.0.40219.1
Project("{FAE04EC0-301F-11D3-BF4B-00C04F79EFBC}") = "finalvote", "finalvote\finalvote.csproj", "{F4C6C829-415C-495C-9F27-DE1119BD4027}"
EndProject
Global
	GlobalSection(SolutionConfigurationPlatforms) = preSolution
		Debug|Any CPU = Debug|Any CPU
		Release|Any CPU = Release|Any CPU
	EndGlobalSection
	GlobalSection(ProjectConfigurationPlatforms) = postSolution
		{F4C6C829-415C-495C-9F27-DE1119BD4027}.Debug|Any CPU.ActiveCfg = Debug|Any CPU
		{F4C6C829-415C-495C-9F27-DE1119BD4027}.Debug|Any CPU.Build.0 = Debug|Any CPU
		{F4C6C829-415C-495C-9F27-DE1119BD4027}.Release|Any CPU.ActiveCfg = Release|Any CPU
		{F4C6C829-415C-495C-9F27-DE1119BD4027}.Release|Any CPU.Build.0 = Release|Any CPU
	EndGlobalSection
	GlobalSection(SolutionProperties) = preSolution
		HideSolutionNode = FALSE
	EndGlobalSection
	GlobalSection(ExtensibilityGlobals) = postSolution
		SolutionGuid = {4CBEDF6B-9582-47FD-A362-2396FE47F9FC}
	EndGlobalSection
EndGlobal
